
Microsoft Visual Studio Solution File, Format Version 12.00
# Visual Studio Version 16
VisualStudioVersion = 16.0.30621.155
MinimumVisualStudioVersion = 10.0.40219.1
Project("{FAE04EC0-301F-11D3-BF4B-00C04F79EFBC}") = "JITeleHealth.Domain", "JITeleHealth.Domain\JITeleHealth.Domain.csproj", "{D6F26A81-3E25-4D27-A31D-DD3A5029A789}"
EndProject
Project("{FAE04EC0-301F-11D3-BF4B-00C04F79EFBC}") = "JITeleHealth.Data", "JITeleHealth.Data\JITeleHealth.Data.csproj", "{B5754D92-07FF-4E62-840F-38A40F363C50}"
EndProject
Project("{FAE04EC0-301F-11D3-BF4B-00C04F79EFBC}") = "JITeleHealth.API", "JITeleHealth.API\JITeleHealth.API.csproj", "{24CFCED6-9CAC-4141-9AD6-0E6F13368114}"
EndProject
Project("{FAE04EC0-301F-11D3-BF4B-00C04F79EFBC}") = "JITeleHealth.API.ViewModels", "JITeleHealth.API.ViewModels\JITeleHealth.API.ViewModels.csproj", "{CA396AF3-A250-4CA4-B3C1-D88C504B6572}"
EndProject
Project("{FAE04EC0-301F-11D3-BF4B-00C04F79EFBC}") = "JITeleHealth.API.IntegrationTests", "JITeleHealth.API.IntegrationTests\JITeleHealth.API.IntegrationTests.csproj", "{A0D0E803-7F39-4438-B69B-420D61C959BF}"
EndProject
Project("{FAE04EC0-301F-11D3-BF4B-00C04F79EFBC}") = "JITeleHealth.Data.IntegrationTests", "JITeleHealth.Data.IntegrationTests\JITeleHealth.Data.IntegrationTests.csproj", "{7CE1A5A0-29B3-4F95-888F-17D9E6269CA3}"
EndProject
Project("{2150E333-8FDC-42A3-9474-1A3956D46DE8}") = "Tests", "Tests", "{F08C69CA-D8A7-447A-A03F-07204556D0F1}"
EndProject
Global
	GlobalSection(SolutionConfigurationPlatforms) = preSolution
		Debug|Any CPU = Debug|Any CPU
		Release|Any CPU = Release|Any CPU
	EndGlobalSection
	GlobalSection(ProjectConfigurationPlatforms) = postSolution
		{D6F26A81-3E25-4D27-A31D-DD3A5029A789}.Debug|Any CPU.ActiveCfg = Debug|Any CPU
		{D6F26A81-3E25-4D27-A31D-DD3A5029A789}.Debug|Any CPU.Build.0 = Debug|Any CPU
		{D6F26A81-3E25-4D27-A31D-DD3A5029A789}.Release|Any CPU.ActiveCfg = Release|Any CPU
		{D6F26A81-3E25-4D27-A31D-DD3A5029A789}.Release|Any CPU.Build.0 = Release|Any CPU
		{B5754D92-07FF-4E62-840F-38A40F363C50}.Debug|Any CPU.ActiveCfg = Debug|Any CPU
		{B5754D92-07FF-4E62-840F-38A40F363C50}.Debug|Any CPU.Build.0 = Debug|Any CPU
		{B5754D92-07FF-4E62-840F-38A40F363C50}.Release|Any CPU.ActiveCfg = Release|Any CPU
		{B5754D92-07FF-4E62-840F-38A40F363C50}.Release|Any CPU.Build.0 = Release|Any CPU
		{24CFCED6-9CAC-4141-9AD6-0E6F13368114}.Debug|Any CPU.ActiveCfg = Debug|Any CPU
		{24CFCED6-9CAC-4141-9AD6-0E6F13368114}.Debug|Any CPU.Build.0 = Debug|Any CPU
		{24CFCED6-9CAC-4141-9AD6-0E6F13368114}.Release|Any CPU.ActiveCfg = Release|Any CPU
		{24CFCED6-9CAC-4141-9AD6-0E6F13368114}.Release|Any CPU.Build.0 = Release|Any CPU
		{CA396AF3-A250-4CA4-B3C1-D88C504B6572}.Debug|Any CPU.ActiveCfg = Debug|Any CPU
		{CA396AF3-A250-4CA4-B3C1-D88C504B6572}.Debug|Any CPU.Build.0 = Debug|Any CPU
		{CA396AF3-A250-4CA4-B3C1-D88C504B6572}.Release|Any CPU.ActiveCfg = Release|Any CPU
		{CA396AF3-A250-4CA4-B3C1-D88C504B6572}.Release|Any CPU.Build.0 = Release|Any CPU
		{A0D0E803-7F39-4438-B69B-420D61C959BF}.Debug|Any CPU.ActiveCfg = Debug|Any CPU
		{A0D0E803-7F39-4438-B69B-420D61C959BF}.Debug|Any CPU.Build.0 = Debug|Any CPU
		{A0D0E803-7F39-4438-B69B-420D61C959BF}.Release|Any CPU.ActiveCfg = Release|Any CPU
		{A0D0E803-7F39-4438-B69B-420D61C959BF}.Release|Any CPU.Build.0 = Release|Any CPU
		{7CE1A5A0-29B3-4F95-888F-17D9E6269CA3}.Debug|Any CPU.ActiveCfg = Debug|Any CPU
		{7CE1A5A0-29B3-4F95-888F-17D9E6269CA3}.Debug|Any CPU.Build.0 = Debug|Any CPU
		{7CE1A5A0-29B3-4F95-888F-17D9E6269CA3}.Release|Any CPU.ActiveCfg = Release|Any CPU
		{7CE1A5A0-29B3-4F95-888F-17D9E6269CA3}.Release|Any CPU.Build.0 = Release|Any CPU
	EndGlobalSection
	GlobalSection(SolutionProperties) = preSolution
		HideSolutionNode = FALSE
	EndGlobalSection
	GlobalSection(NestedProjects) = preSolution
		{A0D0E803-7F39-4438-B69B-420D61C959BF} = {F08C69CA-D8A7-447A-A03F-07204556D0F1}
		{7CE1A5A0-29B3-4F95-888F-17D9E6269CA3} = {F08C69CA-D8A7-447A-A03F-07204556D0F1}
	EndGlobalSection
	GlobalSection(ExtensibilityGlobals) = postSolution
		SolutionGuid = {38294351-C1CE-4135-B2C7-EABD035ABF94}
	EndGlobalSection
EndGlobal
